
Microsoft Visual Studio Solution File, Format Version 12.00
# Visual Studio 15
VisualStudioVersion = 15.0.28307.168
MinimumVisualStudioVersion = 10.0.40219.1
Project("{FAE04EC0-301F-11D3-BF4B-00C04F79EFBC}") = "DungeonRenderer", "DungeonRenderer\DungeonRenderer.csproj", "{0E73215A-1589-4D9B-AA8A-B62464F524B9}"
EndProject
Project("{FAE04EC0-301F-11D3-BF4B-00C04F79EFBC}") = "Dungeon.Renderer.Core", "Dungeon.Renderer.Core\Dungeon.Renderer.Core.csproj", "{687C1CF1-9820-4878-A141-FECC9D456068}"
EndProject
Project("{FAE04EC0-301F-11D3-BF4B-00C04F79EFBC}") = "Dungeon.Renderer", "ClassLibrary1\Dungeon.Renderer.csproj", "{78F98510-F0AE-4156-9953-4C82A9961559}"
EndProject
Project("{FAE04EC0-301F-11D3-BF4B-00C04F79EFBC}") = "Dungeon.Core.Standard", "Dungeon.Core.Standard\Dungeon.Core.Standard.csproj", "{26A333F7-C998-40F8-A0B6-3B0536E3CDEA}"
EndProject
Project("{FAE04EC0-301F-11D3-BF4B-00C04F79EFBC}") = "Dungeon.Core.NET", "Dungeon.Core.NET\Dungeon.Core.NET.csproj", "{A198F114-49CD-4740-A2E2-8E15E6BF62B4}"
EndProject
Global
	GlobalSection(SolutionConfigurationPlatforms) = preSolution
		Debug|Any CPU = Debug|Any CPU
		Release|Any CPU = Release|Any CPU
	EndGlobalSection
	GlobalSection(ProjectConfigurationPlatforms) = postSolution
		{0E73215A-1589-4D9B-AA8A-B62464F524B9}.Debug|Any CPU.ActiveCfg = Debug|Any CPU
		{0E73215A-1589-4D9B-AA8A-B62464F524B9}.Debug|Any CPU.Build.0 = Debug|Any CPU
		{0E73215A-1589-4D9B-AA8A-B62464F524B9}.Release|Any CPU.ActiveCfg = Release|Any CPU
		{0E73215A-1589-4D9B-AA8A-B62464F524B9}.Release|Any CPU.Build.0 = Release|Any CPU
		{687C1CF1-9820-4878-A141-FECC9D456068}.Debug|Any CPU.ActiveCfg = Debug|Any CPU
		{687C1CF1-9820-4878-A141-FECC9D456068}.Debug|Any CPU.Build.0 = Debug|Any CPU
		{687C1CF1-9820-4878-A141-FECC9D456068}.Release|Any CPU.ActiveCfg = Release|Any CPU
		{687C1CF1-9820-4878-A141-FECC9D456068}.Release|Any CPU.Build.0 = Release|Any CPU
		{78F98510-F0AE-4156-9953-4C82A9961559}.Debug|Any CPU.ActiveCfg = Debug|Any CPU
		{78F98510-F0AE-4156-9953-4C82A9961559}.Debug|Any CPU.Build.0 = Debug|Any CPU
		{78F98510-F0AE-4156-9953-4C82A9961559}.Release|Any CPU.ActiveCfg = Release|Any CPU
		{78F98510-F0AE-4156-9953-4C82A9961559}.Release|Any CPU.Build.0 = Release|Any CPU
		{26A333F7-C998-40F8-A0B6-3B0536E3CDEA}.Debug|Any CPU.ActiveCfg = Debug|Any CPU
		{26A333F7-C998-40F8-A0B6-3B0536E3CDEA}.Debug|Any CPU.Build.0 = Debug|Any CPU
		{26A333F7-C998-40F8-A0B6-3B0536E3CDEA}.Release|Any CPU.ActiveCfg = Release|Any CPU
		{26A333F7-C998-40F8-A0B6-3B0536E3CDEA}.Release|Any CPU.Build.0 = Release|Any CPU
		{A198F114-49CD-4740-A2E2-8E15E6BF62B4}.Debug|Any CPU.ActiveCfg = Debug|Any CPU
		{A198F114-49CD-4740-A2E2-8E15E6BF62B4}.Debug|Any CPU.Build.0 = Debug|Any CPU
		{A198F114-49CD-4740-A2E2-8E15E6BF62B4}.Release|Any CPU.ActiveCfg = Release|Any CPU
		{A198F114-49CD-4740-A2E2-8E15E6BF62B4}.Release|Any CPU.Build.0 = Release|Any CPU
	EndGlobalSection
	GlobalSection(SolutionProperties) = preSolution
		HideSolutionNode = FALSE
	EndGlobalSection
	GlobalSection(ExtensibilityGlobals) = postSolution
		SolutionGuid = {CEDBC261-81D8-4754-9C79-60B8DFDA2EEF}
	EndGlobalSection
EndGlobal
